// !$*UTF8*$!
{
	archiveVersion = 1;
	classes = {
	};
	objectVersion = 70;
	objects = {

/* Begin PBXBuildFile section */
		0D2692932BAA35D700B9A9CE /* CatchVM.swift in Sources */ = {isa = PBXBuildFile; fileRef = 0D2692922BAA35D700B9A9CE /* CatchVM.swift */; };
		0D2692962BAA37EA00B9A9CE /* CatchView.swift in Sources */ = {isa = PBXBuildFile; fileRef = 0D2692952BAA37EA00B9A9CE /* CatchView.swift */; };
		0D2692982BAB204500B9A9CE /* TryCatchView.swift in Sources */ = {isa = PBXBuildFile; fileRef = 0D2692972BAB204500B9A9CE /* TryCatchView.swift */; };
		0D26929B2BAB208300B9A9CE /* TryCatchVM.swift in Sources */ = {isa = PBXBuildFile; fileRef = 0D26929A2BAB208300B9A9CE /* TryCatchVM.swift */; };
		0D26929D2BAB61E200B9A9CE /* Breakpoint.swift in Sources */ = {isa = PBXBuildFile; fileRef = 0D26929C2BAB61E200B9A9CE /* Breakpoint.swift */; };
		0D2692A02BAB643200B9A9CE /* BreakpointView.swift in Sources */ = {isa = PBXBuildFile; fileRef = 0D26929F2BAB643200B9A9CE /* BreakpointView.swift */; };
		0D30F9192B9EC2CA0060F398 /* AnyPublisherVM.swift in Sources */ = {isa = PBXBuildFile; fileRef = 0D30F9182B9EC2CA0060F398 /* AnyPublisherVM.swift */; };
		0D30F91C2B9EC2EE0060F398 /* AnyPublisherView.swift in Sources */ = {isa = PBXBuildFile; fileRef = 0D30F91B2B9EC2EE0060F398 /* AnyPublisherView.swift */; };
		0D30F91E2B9F42020060F398 /* CombineLatestVM.swift in Sources */ = {isa = PBXBuildFile; fileRef = 0D30F91D2B9F42020060F398 /* CombineLatestVM.swift */; };
		0D30F9212B9F4B840060F398 /* CombineLatestView.swift in Sources */ = {isa = PBXBuildFile; fileRef = 0D30F9202B9F4B840060F398 /* CombineLatestView.swift */; };
		0D30F9232B9F75E80060F398 /* FlatMapVM.swift in Sources */ = {isa = PBXBuildFile; fileRef = 0D30F9222B9F75E80060F398 /* FlatMapVM.swift */; };
		0D30F9262B9F760D0060F398 /* FlatMapView.swift in Sources */ = {isa = PBXBuildFile; fileRef = 0D30F9252B9F760D0060F398 /* FlatMapView.swift */; };
		0D30F9282BA0D4940060F398 /* Merge.swift in Sources */ = {isa = PBXBuildFile; fileRef = 0D30F9272BA0D4940060F398 /* Merge.swift */; };
		0D30F92B2BA0D6660060F398 /* MergeView.swift in Sources */ = {isa = PBXBuildFile; fileRef = 0D30F92A2BA0D6660060F398 /* MergeView.swift */; };
		0D30F92D2BA0D98B0060F398 /* SwitchToLatest.swift in Sources */ = {isa = PBXBuildFile; fileRef = 0D30F92C2BA0D98B0060F398 /* SwitchToLatest.swift */; };
		0D30F9302BA0D9B20060F398 /* SwitchToLatestView.swift in Sources */ = {isa = PBXBuildFile; fileRef = 0D30F92F2BA0D9B20060F398 /* SwitchToLatestView.swift */; };
		0D30F9322BA0EAA70060F398 /* Zip.swift in Sources */ = {isa = PBXBuildFile; fileRef = 0D30F9312BA0EAA70060F398 /* Zip.swift */; };
		0D30F9352BA0EAE70060F398 /* ZipView.swift in Sources */ = {isa = PBXBuildFile; fileRef = 0D30F9342BA0EAE70060F398 /* ZipView.swift */; };
		0DC1766A2B98827300C6CEA1 /* MainView.swift in Sources */ = {isa = PBXBuildFile; fileRef = 0DC176692B98827300C6CEA1 /* MainView.swift */; };
		0DC1766D2B9884BE00C6CEA1 /* CollectBy.swift in Sources */ = {isa = PBXBuildFile; fileRef = 0DC1766C2B9884BE00C6CEA1 /* CollectBy.swift */; };
		0DC176702B98850A00C6CEA1 /* CollectByModel.swift in Sources */ = {isa = PBXBuildFile; fileRef = 0DC1766F2B98850A00C6CEA1 /* CollectByModel.swift */; };
		0DC176722B98CF0A00C6CEA1 /* CollectByTime.swift in Sources */ = {isa = PBXBuildFile; fileRef = 0DC176712B98CF0A00C6CEA1 /* CollectByTime.swift */; };
		0DC176752B98D3CF00C6CEA1 /* CollectByView.swift in Sources */ = {isa = PBXBuildFile; fileRef = 0DC176742B98D3CF00C6CEA1 /* CollectByView.swift */; };
		0DC176772B98F05F00C6CEA1 /* IgnoreOutput.swift in Sources */ = {isa = PBXBuildFile; fileRef = 0DC176762B98F05F00C6CEA1 /* IgnoreOutput.swift */; };
		0DC1767A2B98F09A00C6CEA1 /* IgnoreOutputVM.swift in Sources */ = {isa = PBXBuildFile; fileRef = 0DC176792B98F09A00C6CEA1 /* IgnoreOutputVM.swift */; };
		0DD496872B9CBA4D00F36A92 /* OutputInVm.swift in Sources */ = {isa = PBXBuildFile; fileRef = 0DD496862B9CBA4D00F36A92 /* OutputInVm.swift */; };
		0DD4968A2B9CBA6A00F36A92 /* OutputInView.swift in Sources */ = {isa = PBXBuildFile; fileRef = 0DD496892B9CBA6A00F36A92 /* OutputInView.swift */; };
		0DD4968C2B9CF26400F36A92 /* ReceiveOnVM.swift in Sources */ = {isa = PBXBuildFile; fileRef = 0DD4968B2B9CF26400F36A92 /* ReceiveOnVM.swift */; };
		0DD4968F2B9CF28700F36A92 /* ReceiveOnView.swift in Sources */ = {isa = PBXBuildFile; fileRef = 0DD4968E2B9CF28700F36A92 /* ReceiveOnView.swift */; };
		0DD496912B9D020A00F36A92 /* SubscribeOnVM.swift in Sources */ = {isa = PBXBuildFile; fileRef = 0DD496902B9D020A00F36A92 /* SubscribeOnVM.swift */; };
		0DD496942B9D023700F36A92 /* SubscribeOnView.swift in Sources */ = {isa = PBXBuildFile; fileRef = 0DD496932B9D023700F36A92 /* SubscribeOnView.swift */; };
		0DD496962B9D079A00F36A92 /* AssignToVm.swift in Sources */ = {isa = PBXBuildFile; fileRef = 0DD496952B9D079A00F36A92 /* AssignToVm.swift */; };
		0DD496992B9D07B500F36A92 /* AssigntToView.swift in Sources */ = {isa = PBXBuildFile; fileRef = 0DD496982B9D07B500F36A92 /* AssigntToView.swift */; };
		0DD4969B2B9E10EA00F36A92 /* SinkReceiveVM.swift in Sources */ = {isa = PBXBuildFile; fileRef = 0DD4969A2B9E10EA00F36A92 /* SinkReceiveVM.swift */; };
		0DD4969E2B9E110C00F36A92 /* SinkReciveValue.swift in Sources */ = {isa = PBXBuildFile; fileRef = 0DD4969D2B9E110C00F36A92 /* SinkReciveValue.swift */; };
		0DD597A42B98FDA700D43870 /* ReduceViewModel.swift in Sources */ = {isa = PBXBuildFile; fileRef = 0DD597A32B98FDA700D43870 /* ReduceViewModel.swift */; };
		0DD597A62B98FDD700D43870 /* ReduceView.swift in Sources */ = {isa = PBXBuildFile; fileRef = 0DD597A52B98FDD600D43870 /* ReduceView.swift */; };
		0DD597A92B9906E700D43870 /* FirstWhereModel.swift in Sources */ = {isa = PBXBuildFile; fileRef = 0DD597A82B9906E700D43870 /* FirstWhereModel.swift */; };
		0DD597AC2B99070900D43870 /* FirstWhereView.swift in Sources */ = {isa = PBXBuildFile; fileRef = 0DD597AB2B99070900D43870 /* FirstWhereView.swift */; };
		0DD597AE2B9A4D0600D43870 /* OutputAtView.swift in Sources */ = {isa = PBXBuildFile; fileRef = 0DD597AD2B9A4D0600D43870 /* OutputAtView.swift */; };
		0DD597B12B9A4D4700D43870 /* OtputAtViewModel.swift in Sources */ = {isa = PBXBuildFile; fileRef = 0DD597B02B9A4D4700D43870 /* OtputAtViewModel.swift */; };
		0DEB25A52B8392C700B07C08 /* MrCombineApp.swift in Sources */ = {isa = PBXBuildFile; fileRef = 0DEB25A42B8392C700B07C08 /* MrCombineApp.swift */; };
		0DEB25A72B8392C700B07C08 /* CollectView.swift in Sources */ = {isa = PBXBuildFile; fileRef = 0DEB25A62B8392C700B07C08 /* CollectView.swift */; };
		0DEB25A92B8392C900B07C08 /* Assets.xcassets in Resources */ = {isa = PBXBuildFile; fileRef = 0DEB25A82B8392C900B07C08 /* Assets.xcassets */; };
		0DEB25AC2B8392C900B07C08 /* Preview Assets.xcassets in Resources */ = {isa = PBXBuildFile; fileRef = 0DEB25AB2B8392C900B07C08 /* Preview Assets.xcassets */; };
		0DEB25B32B839EF900B07C08 /* Model.swift in Sources */ = {isa = PBXBuildFile; fileRef = 0DEB25B22B839EF900B07C08 /* Model.swift */; };
		0DEB25B52B83B1F800B07C08 /* HeaderView.swift in Sources */ = {isa = PBXBuildFile; fileRef = 0DEB25B42B83B1F800B07C08 /* HeaderView.swift */; };
/* End PBXBuildFile section */

/* Begin PBXFileReference section */
		0D2692922BAA35D700B9A9CE /* CatchVM.swift */ = {isa = PBXFileReference; lastKnownFileType = sourcecode.swift; path = CatchVM.swift; sourceTree = "<group>"; };
		0D2692952BAA37EA00B9A9CE /* CatchView.swift */ = {isa = PBXFileReference; lastKnownFileType = sourcecode.swift; path = CatchView.swift; sourceTree = "<group>"; };
		0D2692972BAB204500B9A9CE /* TryCatchView.swift */ = {isa = PBXFileReference; lastKnownFileType = sourcecode.swift; path = TryCatchView.swift; sourceTree = "<group>"; };
		0D26929A2BAB208300B9A9CE /* TryCatchVM.swift */ = {isa = PBXFileReference; lastKnownFileType = sourcecode.swift; path = TryCatchVM.swift; sourceTree = "<group>"; };
		0D26929C2BAB61E200B9A9CE /* Breakpoint.swift */ = {isa = PBXFileReference; lastKnownFileType = sourcecode.swift; path = Breakpoint.swift; sourceTree = "<group>"; };
		0D26929F2BAB643200B9A9CE /* BreakpointView.swift */ = {isa = PBXFileReference; lastKnownFileType = sourcecode.swift; path = BreakpointView.swift; sourceTree = "<group>"; };
		0D30F9182B9EC2CA0060F398 /* AnyPublisherVM.swift */ = {isa = PBXFileReference; lastKnownFileType = sourcecode.swift; path = AnyPublisherVM.swift; sourceTree = "<group>"; };
		0D30F91B2B9EC2EE0060F398 /* AnyPublisherView.swift */ = {isa = PBXFileReference; lastKnownFileType = sourcecode.swift; path = AnyPublisherView.swift; sourceTree = "<group>"; };
		0D30F91D2B9F42020060F398 /* CombineLatestVM.swift */ = {isa = PBXFileReference; lastKnownFileType = sourcecode.swift; path = CombineLatestVM.swift; sourceTree = "<group>"; };
		0D30F9202B9F4B840060F398 /* CombineLatestView.swift */ = {isa = PBXFileReference; lastKnownFileType = sourcecode.swift; path = CombineLatestView.swift; sourceTree = "<group>"; };
		0D30F9222B9F75E80060F398 /* FlatMapVM.swift */ = {isa = PBXFileReference; lastKnownFileType = sourcecode.swift; path = FlatMapVM.swift; sourceTree = "<group>"; };
		0D30F9252B9F760D0060F398 /* FlatMapView.swift */ = {isa = PBXFileReference; lastKnownFileType = sourcecode.swift; path = FlatMapView.swift; sourceTree = "<group>"; };
		0D30F9272BA0D4940060F398 /* Merge.swift */ = {isa = PBXFileReference; lastKnownFileType = sourcecode.swift; path = Merge.swift; sourceTree = "<group>"; };
		0D30F92A2BA0D6660060F398 /* MergeView.swift */ = {isa = PBXFileReference; lastKnownFileType = sourcecode.swift; path = MergeView.swift; sourceTree = "<group>"; };
		0D30F92C2BA0D98B0060F398 /* SwitchToLatest.swift */ = {isa = PBXFileReference; lastKnownFileType = sourcecode.swift; path = SwitchToLatest.swift; sourceTree = "<group>"; };
		0D30F92F2BA0D9B20060F398 /* SwitchToLatestView.swift */ = {isa = PBXFileReference; lastKnownFileType = sourcecode.swift; path = SwitchToLatestView.swift; sourceTree = "<group>"; };
		0D30F9312BA0EAA70060F398 /* Zip.swift */ = {isa = PBXFileReference; lastKnownFileType = sourcecode.swift; path = Zip.swift; sourceTree = "<group>"; };
		0D30F9342BA0EAE70060F398 /* ZipView.swift */ = {isa = PBXFileReference; lastKnownFileType = sourcecode.swift; path = ZipView.swift; sourceTree = "<group>"; };
		0DC176692B98827300C6CEA1 /* MainView.swift */ = {isa = PBXFileReference; lastKnownFileType = sourcecode.swift; path = MainView.swift; sourceTree = "<group>"; };
		0DC1766C2B9884BE00C6CEA1 /* CollectBy.swift */ = {isa = PBXFileReference; lastKnownFileType = sourcecode.swift; path = CollectBy.swift; sourceTree = "<group>"; };
		0DC1766F2B98850A00C6CEA1 /* CollectByModel.swift */ = {isa = PBXFileReference; lastKnownFileType = sourcecode.swift; path = CollectByModel.swift; sourceTree = "<group>"; };
		0DC176712B98CF0A00C6CEA1 /* CollectByTime.swift */ = {isa = PBXFileReference; lastKnownFileType = sourcecode.swift; path = CollectByTime.swift; sourceTree = "<group>"; };
		0DC176742B98D3CF00C6CEA1 /* CollectByView.swift */ = {isa = PBXFileReference; lastKnownFileType = sourcecode.swift; path = CollectByView.swift; sourceTree = "<group>"; };
		0DC176762B98F05F00C6CEA1 /* IgnoreOutput.swift */ = {isa = PBXFileReference; lastKnownFileType = sourcecode.swift; path = IgnoreOutput.swift; sourceTree = "<group>"; };
		0DC176792B98F09A00C6CEA1 /* IgnoreOutputVM.swift */ = {isa = PBXFileReference; lastKnownFileType = sourcecode.swift; path = IgnoreOutputVM.swift; sourceTree = "<group>"; };
		0DD496862B9CBA4D00F36A92 /* OutputInVm.swift */ = {isa = PBXFileReference; lastKnownFileType = sourcecode.swift; path = OutputInVm.swift; sourceTree = "<group>"; };
		0DD496892B9CBA6A00F36A92 /* OutputInView.swift */ = {isa = PBXFileReference; lastKnownFileType = sourcecode.swift; path = OutputInView.swift; sourceTree = "<group>"; };
		0DD4968B2B9CF26400F36A92 /* ReceiveOnVM.swift */ = {isa = PBXFileReference; lastKnownFileType = sourcecode.swift; path = ReceiveOnVM.swift; sourceTree = "<group>"; };
		0DD4968E2B9CF28700F36A92 /* ReceiveOnView.swift */ = {isa = PBXFileReference; lastKnownFileType = sourcecode.swift; path = ReceiveOnView.swift; sourceTree = "<group>"; };
		0DD496902B9D020A00F36A92 /* SubscribeOnVM.swift */ = {isa = PBXFileReference; lastKnownFileType = sourcecode.swift; path = SubscribeOnVM.swift; sourceTree = "<group>"; };
		0DD496932B9D023700F36A92 /* SubscribeOnView.swift */ = {isa = PBXFileReference; lastKnownFileType = sourcecode.swift; path = SubscribeOnView.swift; sourceTree = "<group>"; };
		0DD496952B9D079A00F36A92 /* AssignToVm.swift */ = {isa = PBXFileReference; lastKnownFileType = sourcecode.swift; path = AssignToVm.swift; sourceTree = "<group>"; };
		0DD496982B9D07B500F36A92 /* AssigntToView.swift */ = {isa = PBXFileReference; lastKnownFileType = sourcecode.swift; path = AssigntToView.swift; sourceTree = "<group>"; };
		0DD4969A2B9E10EA00F36A92 /* SinkReceiveVM.swift */ = {isa = PBXFileReference; lastKnownFileType = sourcecode.swift; path = SinkReceiveVM.swift; sourceTree = "<group>"; };
		0DD4969D2B9E110C00F36A92 /* SinkReciveValue.swift */ = {isa = PBXFileReference; lastKnownFileType = sourcecode.swift; path = SinkReciveValue.swift; sourceTree = "<group>"; };
		0DD597A32B98FDA700D43870 /* ReduceViewModel.swift */ = {isa = PBXFileReference; lastKnownFileType = sourcecode.swift; path = ReduceViewModel.swift; sourceTree = "<group>"; };
		0DD597A52B98FDD600D43870 /* ReduceView.swift */ = {isa = PBXFileReference; lastKnownFileType = sourcecode.swift; path = ReduceView.swift; sourceTree = "<group>"; };
		0DD597A82B9906E700D43870 /* FirstWhereModel.swift */ = {isa = PBXFileReference; lastKnownFileType = sourcecode.swift; path = FirstWhereModel.swift; sourceTree = "<group>"; };
		0DD597AB2B99070900D43870 /* FirstWhereView.swift */ = {isa = PBXFileReference; lastKnownFileType = sourcecode.swift; path = FirstWhereView.swift; sourceTree = "<group>"; };
		0DD597AD2B9A4D0600D43870 /* OutputAtView.swift */ = {isa = PBXFileReference; lastKnownFileType = sourcecode.swift; path = OutputAtView.swift; sourceTree = "<group>"; };
		0DD597B02B9A4D4700D43870 /* OtputAtViewModel.swift */ = {isa = PBXFileReference; lastKnownFileType = sourcecode.swift; path = OtputAtViewModel.swift; sourceTree = "<group>"; };
		0DEB25A12B8392C700B07C08 /* Mr. Combine.app */ = {isa = PBXFileReference; explicitFileType = wrapper.application; includeInIndex = 0; path = "Mr. Combine.app"; sourceTree = BUILT_PRODUCTS_DIR; };
		0DEB25A42B8392C700B07C08 /* MrCombineApp.swift */ = {isa = PBXFileReference; lastKnownFileType = sourcecode.swift; path = MrCombineApp.swift; sourceTree = "<group>"; };
		0DEB25A62B8392C700B07C08 /* CollectView.swift */ = {isa = PBXFileReference; lastKnownFileType = sourcecode.swift; path = CollectView.swift; sourceTree = "<group>"; };
		0DEB25A82B8392C900B07C08 /* Assets.xcassets */ = {isa = PBXFileReference; lastKnownFileType = folder.assetcatalog; path = Assets.xcassets; sourceTree = "<group>"; };
		0DEB25AB2B8392C900B07C08 /* Preview Assets.xcassets */ = {isa = PBXFileReference; lastKnownFileType = folder.assetcatalog; path = "Preview Assets.xcassets"; sourceTree = "<group>"; };
		0DEB25B22B839EF900B07C08 /* Model.swift */ = {isa = PBXFileReference; lastKnownFileType = sourcecode.swift; path = Model.swift; sourceTree = "<group>"; };
		0DEB25B42B83B1F800B07C08 /* HeaderView.swift */ = {isa = PBXFileReference; lastKnownFileType = sourcecode.swift; path = HeaderView.swift; sourceTree = "<group>"; };
/* End PBXFileReference section */

/* Begin PBXFileSystemSynchronizedRootGroup section */
		C662084E2CE158D3005DAC45 /* Future */ = {isa = PBXFileSystemSynchronizedRootGroup; explicitFileTypes = {}; explicitFolders = (); path = Future; sourceTree = "<group>"; };
		C66208552CE27926005DAC45 /* PassthroughSubject */ = {isa = PBXFileSystemSynchronizedRootGroup; explicitFileTypes = {}; explicitFolders = (); path = PassthroughSubject; sourceTree = "<group>"; };
		C662085A2CE3EB82005DAC45 /* Timer */ = {isa = PBXFileSystemSynchronizedRootGroup; explicitFileTypes = {}; explicitFolders = (); path = Timer; sourceTree = "<group>"; };
		C662085F2CE3FA7E005DAC45 /* DataTaskPublisher */ = {isa = PBXFileSystemSynchronizedRootGroup; explicitFileTypes = {}; explicitFolders = (); path = DataTaskPublisher; sourceTree = "<group>"; };
		C66208672CE5167D005DAC45 /* DataTaskPublisherForImages */ = {isa = PBXFileSystemSynchronizedRootGroup; explicitFileTypes = {}; explicitFolders = (); path = DataTaskPublisherForImages; sourceTree = "<group>"; };
		C662086C2CE643C1005DAC45 /* ContainsWhere */ = {isa = PBXFileSystemSynchronizedRootGroup; explicitFileTypes = {}; explicitFolders = (); path = ContainsWhere; sourceTree = "<group>"; };
		C66208712CE64C85005DAC45 /* TryContains */ = {isa = PBXFileSystemSynchronizedRootGroup; explicitFileTypes = {}; explicitFolders = (); path = TryContains; sourceTree = "<group>"; };
		C66208762CEA2D6D005DAC45 /* Max */ = {isa = PBXFileSystemSynchronizedRootGroup; explicitFileTypes = {}; explicitFolders = (); path = Max; sourceTree = "<group>"; };
		C662099B2CED1782005DAC45 /* TryCompactMap */ = {isa = PBXFileSystemSynchronizedRootGroup; explicitFileTypes = {}; explicitFolders = (); path = TryCompactMap; sourceTree = "<group>"; };
		C6D15B492CEE711800A56EAC /* TryFilter */ = {isa = PBXFileSystemSynchronizedRootGroup; explicitFileTypes = {}; explicitFolders = (); path = TryFilter; sourceTree = "<group>"; };
/* End PBXFileSystemSynchronizedRootGroup section */

/* Begin PBXFrameworksBuildPhase section */
		0DEB259E2B8392C700B07C08 /* Frameworks */ = {
			isa = PBXFrameworksBuildPhase;
			buildActionMask = 2147483647;
			files = (
			);
			runOnlyForDeploymentPostprocessing = 0;
		};
/* End PBXFrameworksBuildPhase section */

/* Begin PBXGroup section */
		0D2692942BAA35E400B9A9CE /* Catch */ = {
			isa = PBXGroup;
			children = (
				0D2692922BAA35D700B9A9CE /* CatchVM.swift */,
				0D2692952BAA37EA00B9A9CE /* CatchView.swift */,
			);
			path = Catch;
			sourceTree = "<group>";
		};
		0D2692992BAB204900B9A9CE /* TryCatch */ = {
			isa = PBXGroup;
			children = (
				0D26929A2BAB208300B9A9CE /* TryCatchVM.swift */,
				0D2692972BAB204500B9A9CE /* TryCatchView.swift */,
			);
			path = TryCatch;
			sourceTree = "<group>";
		};
		0D26929E2BAB61E600B9A9CE /* Breakpoint */ = {
			isa = PBXGroup;
			children = (
				0D26929C2BAB61E200B9A9CE /* Breakpoint.swift */,
				0D26929F2BAB643200B9A9CE /* BreakpointView.swift */,
			);
			path = Breakpoint;
			sourceTree = "<group>";
		};
		0D30F91A2B9EC2D60060F398 /* AnyPublisherVM */ = {
			isa = PBXGroup;
			children = (
				0D30F9182B9EC2CA0060F398 /* AnyPublisherVM.swift */,
				0D30F91B2B9EC2EE0060F398 /* AnyPublisherView.swift */,
			);
			path = AnyPublisherVM;
			sourceTree = "<group>";
		};
		0D30F91F2B9F420B0060F398 /* CombineLatest */ = {
			isa = PBXGroup;
			children = (
				0D30F91D2B9F42020060F398 /* CombineLatestVM.swift */,
				0D30F9202B9F4B840060F398 /* CombineLatestView.swift */,
			);
			path = CombineLatest;
			sourceTree = "<group>";
		};
		0D30F9242B9F75ED0060F398 /* FlatMap */ = {
			isa = PBXGroup;
			children = (
				0D30F9222B9F75E80060F398 /* FlatMapVM.swift */,
				0D30F9252B9F760D0060F398 /* FlatMapView.swift */,
			);
			path = FlatMap;
			sourceTree = "<group>";
		};
		0D30F9292BA0D4A00060F398 /* Merge */ = {
			isa = PBXGroup;
			children = (
				0D30F9272BA0D4940060F398 /* Merge.swift */,
				0D30F92A2BA0D6660060F398 /* MergeView.swift */,
			);
			path = Merge;
			sourceTree = "<group>";
		};
		0D30F92E2BA0D9930060F398 /* SwitchToLatest */ = {
			isa = PBXGroup;
			children = (
				0D30F92C2BA0D98B0060F398 /* SwitchToLatest.swift */,
				0D30F92F2BA0D9B20060F398 /* SwitchToLatestView.swift */,
			);
			path = SwitchToLatest;
			sourceTree = "<group>";
		};
		0D30F9332BA0EAB10060F398 /* Zip */ = {
			isa = PBXGroup;
			children = (
				0D30F9312BA0EAA70060F398 /* Zip.swift */,
				0D30F9342BA0EAE70060F398 /* ZipView.swift */,
			);
			path = Zip;
			sourceTree = "<group>";
		};
		0DC1766B2B9882EF00C6CEA1 /* CollectView */ = {
			isa = PBXGroup;
			children = (
				0DEB25A62B8392C700B07C08 /* CollectView.swift */,
				0DEB25B22B839EF900B07C08 /* Model.swift */,
			);
			path = CollectView;
			sourceTree = "<group>";
		};
		0DC1766E2B9884D900C6CEA1 /* CollectBy */ = {
			isa = PBXGroup;
			children = (
				0DC1766C2B9884BE00C6CEA1 /* CollectBy.swift */,
				0DC1766F2B98850A00C6CEA1 /* CollectByModel.swift */,
			);
			path = CollectBy;
			sourceTree = "<group>";
		};
		0DC176732B98CF1A00C6CEA1 /* CollectByTime */ = {
			isa = PBXGroup;
			children = (
				0DC176712B98CF0A00C6CEA1 /* CollectByTime.swift */,
				0DC176742B98D3CF00C6CEA1 /* CollectByView.swift */,
			);
			path = CollectByTime;
			sourceTree = "<group>";
		};
		0DC176782B98F06400C6CEA1 /* IgnoreOutput */ = {
			isa = PBXGroup;
			children = (
				0DC176762B98F05F00C6CEA1 /* IgnoreOutput.swift */,
				0DC176792B98F09A00C6CEA1 /* IgnoreOutputVM.swift */,
			);
			path = IgnoreOutput;
			sourceTree = "<group>";
		};
		0DD496882B9CBA5100F36A92 /* OutputIn */ = {
			isa = PBXGroup;
			children = (
				0DD496862B9CBA4D00F36A92 /* OutputInVm.swift */,
				0DD496892B9CBA6A00F36A92 /* OutputInView.swift */,
			);
			path = OutputIn;
			sourceTree = "<group>";
		};
		0DD4968D2B9CF26D00F36A92 /* ReceiveOn */ = {
			isa = PBXGroup;
			children = (
				0DD4968B2B9CF26400F36A92 /* ReceiveOnVM.swift */,
				0DD4968E2B9CF28700F36A92 /* ReceiveOnView.swift */,
			);
			path = ReceiveOn;
			sourceTree = "<group>";
		};
		0DD496922B9D021200F36A92 /* SubscribeOn */ = {
			isa = PBXGroup;
			children = (
				0DD496902B9D020A00F36A92 /* SubscribeOnVM.swift */,
				0DD496932B9D023700F36A92 /* SubscribeOnView.swift */,
			);
			path = SubscribeOn;
			sourceTree = "<group>";
		};
		0DD496972B9D07A200F36A92 /* AssignTo */ = {
			isa = PBXGroup;
			children = (
				0DD496952B9D079A00F36A92 /* AssignToVm.swift */,
				0DD496982B9D07B500F36A92 /* AssigntToView.swift */,
			);
			path = AssignTo;
			sourceTree = "<group>";
		};
		0DD4969C2B9E10EE00F36A92 /* SinkReceiveValue */ = {
			isa = PBXGroup;
			children = (
				0DD4969A2B9E10EA00F36A92 /* SinkReceiveVM.swift */,
				0DD4969D2B9E110C00F36A92 /* SinkReciveValue.swift */,
			);
			path = SinkReceiveValue;
			sourceTree = "<group>";
		};
		0DD597A72B98FDDE00D43870 /* Reduce */ = {
			isa = PBXGroup;
			children = (
				0DD597A32B98FDA700D43870 /* ReduceViewModel.swift */,
				0DD597A52B98FDD600D43870 /* ReduceView.swift */,
			);
			path = Reduce;
			sourceTree = "<group>";
		};
		0DD597AA2B9906EC00D43870 /* FirstWhere */ = {
			isa = PBXGroup;
			children = (
				0DD597A82B9906E700D43870 /* FirstWhereModel.swift */,
				0DD597AB2B99070900D43870 /* FirstWhereView.swift */,
			);
			path = FirstWhere;
			sourceTree = "<group>";
		};
		0DD597AF2B9A4D0B00D43870 /* Output */ = {
			isa = PBXGroup;
			children = (
				0DD597B02B9A4D4700D43870 /* OtputAtViewModel.swift */,
				0DD597AD2B9A4D0600D43870 /* OutputAtView.swift */,
			);
			path = Output;
			sourceTree = "<group>";
		};
		0DEB25982B8392C700B07C08 = {
			isa = PBXGroup;
			children = (
				0DEB25A32B8392C700B07C08 /* Mr. Combine */,
				0DEB25A22B8392C700B07C08 /* Products */,
			);
			sourceTree = "<group>";
		};
		0DEB25A22B8392C700B07C08 /* Products */ = {
			isa = PBXGroup;
			children = (
				0DEB25A12B8392C700B07C08 /* Mr. Combine.app */,
			);
			name = Products;
			sourceTree = "<group>";
		};
		0DEB25A32B8392C700B07C08 /* Mr. Combine */ = {
			isa = PBXGroup;
			children = (
				0DEB25A42B8392C700B07C08 /* MrCombineApp.swift */,
				0DC176692B98827300C6CEA1 /* MainView.swift */,
				C662084E2CE158D3005DAC45 /* Future */,
				C66208552CE27926005DAC45 /* PassthroughSubject */,
				C662085A2CE3EB82005DAC45 /* Timer */,
				C662085F2CE3FA7E005DAC45 /* DataTaskPublisher */,
				C66208672CE5167D005DAC45 /* DataTaskPublisherForImages */,
				C662086C2CE643C1005DAC45 /* ContainsWhere */,
				C66208712CE64C85005DAC45 /* TryContains */,
				C66208762CEA2D6D005DAC45 /* Max */,
				C662099B2CED1782005DAC45 /* TryCompactMap */,
				C6D15B492CEE711800A56EAC /* TryFilter */,
				0DC1766B2B9882EF00C6CEA1 /* CollectView */,
				0DC1766E2B9884D900C6CEA1 /* CollectBy */,
				0DC176732B98CF1A00C6CEA1 /* CollectByTime */,
				0DC176782B98F06400C6CEA1 /* IgnoreOutput */,
				0DD597A72B98FDDE00D43870 /* Reduce */,
				0DD597AA2B9906EC00D43870 /* FirstWhere */,
				0DD597AF2B9A4D0B00D43870 /* Output */,
				0DD496882B9CBA5100F36A92 /* OutputIn */,
				0DD4968D2B9CF26D00F36A92 /* ReceiveOn */,
				0DD496922B9D021200F36A92 /* SubscribeOn */,
				0DD496972B9D07A200F36A92 /* AssignTo */,
				0DD4969C2B9E10EE00F36A92 /* SinkReceiveValue */,
				0D30F91A2B9EC2D60060F398 /* AnyPublisherVM */,
				0D30F91F2B9F420B0060F398 /* CombineLatest */,
				0D30F9242B9F75ED0060F398 /* FlatMap */,
				0D30F9292BA0D4A00060F398 /* Merge */,
				0D30F92E2BA0D9930060F398 /* SwitchToLatest */,
				0D30F9332BA0EAB10060F398 /* Zip */,
				0D2692942BAA35E400B9A9CE /* Catch */,
				0D2692992BAB204900B9A9CE /* TryCatch */,
				0D26929E2BAB61E600B9A9CE /* Breakpoint */,
				0DEB25B42B83B1F800B07C08 /* HeaderView.swift */,
				0DEB25A82B8392C900B07C08 /* Assets.xcassets */,
				0DEB25AA2B8392C900B07C08 /* Preview Content */,
			);
			path = "Mr. Combine";
			sourceTree = "<group>";
		};
		0DEB25AA2B8392C900B07C08 /* Preview Content */ = {
			isa = PBXGroup;
			children = (
				0DEB25AB2B8392C900B07C08 /* Preview Assets.xcassets */,
			);
			path = "Preview Content";
			sourceTree = "<group>";
		};
/* End PBXGroup section */

/* Begin PBXNativeTarget section */
		0DEB25A02B8392C700B07C08 /* Mr. Combine */ = {
			isa = PBXNativeTarget;
			buildConfigurationList = 0DEB25AF2B8392C900B07C08 /* Build configuration list for PBXNativeTarget "Mr. Combine" */;
			buildPhases = (
				0DEB259D2B8392C700B07C08 /* Sources */,
				0DEB259E2B8392C700B07C08 /* Frameworks */,
				0DEB259F2B8392C700B07C08 /* Resources */,
			);
			buildRules = (
			);
			dependencies = (
			);
			fileSystemSynchronizedGroups = (
				C662084E2CE158D3005DAC45 /* Future */,
				C66208552CE27926005DAC45 /* PassthroughSubject */,
				C662085A2CE3EB82005DAC45 /* Timer */,
				C662085F2CE3FA7E005DAC45 /* DataTaskPublisher */,
				C66208672CE5167D005DAC45 /* DataTaskPublisherForImages */,
				C662086C2CE643C1005DAC45 /* ContainsWhere */,
				C66208712CE64C85005DAC45 /* TryContains */,
				C66208762CEA2D6D005DAC45 /* Max */,
				C662099B2CED1782005DAC45 /* TryCompactMap */,
				C6D15B492CEE711800A56EAC /* TryFilter */,
			);
			name = "Mr. Combine";
			productName = "Mr. Combine";
			productReference = 0DEB25A12B8392C700B07C08 /* Mr. Combine.app */;
			productType = "com.apple.product-type.application";
		};
/* End PBXNativeTarget section */

/* Begin PBXProject section */
		0DEB25992B8392C700B07C08 /* Project object */ = {
			isa = PBXProject;
			attributes = {
				BuildIndependentTargetsInParallel = 1;
				LastSwiftUpdateCheck = 1520;
				LastUpgradeCheck = 1520;
				TargetAttributes = {
					0DEB25A02B8392C700B07C08 = {
						CreatedOnToolsVersion = 15.2;
					};
				};
			};
			buildConfigurationList = 0DEB259C2B8392C700B07C08 /* Build configuration list for PBXProject "Mr. Combine" */;
			compatibilityVersion = "Xcode 14.0";
			developmentRegion = en;
			hasScannedForEncodings = 0;
			knownRegions = (
				en,
				Base,
			);
			mainGroup = 0DEB25982B8392C700B07C08;
			productRefGroup = 0DEB25A22B8392C700B07C08 /* Products */;
			projectDirPath = "";
			projectRoot = "";
			targets = (
				0DEB25A02B8392C700B07C08 /* Mr. Combine */,
			);
		};
/* End PBXProject section */

/* Begin PBXResourcesBuildPhase section */
		0DEB259F2B8392C700B07C08 /* Resources */ = {
			isa = PBXResourcesBuildPhase;
			buildActionMask = 2147483647;
			files = (
				0DEB25AC2B8392C900B07C08 /* Preview Assets.xcassets in Resources */,
				0DEB25A92B8392C900B07C08 /* Assets.xcassets in Resources */,
			);
			runOnlyForDeploymentPostprocessing = 0;
		};
/* End PBXResourcesBuildPhase section */

/* Begin PBXSourcesBuildPhase section */
		0DEB259D2B8392C700B07C08 /* Sources */ = {
			isa = PBXSourcesBuildPhase;
			buildActionMask = 2147483647;
			files = (
				0DD496872B9CBA4D00F36A92 /* OutputInVm.swift in Sources */,
				0D2692962BAA37EA00B9A9CE /* CatchView.swift in Sources */,
				0DC176772B98F05F00C6CEA1 /* IgnoreOutput.swift in Sources */,
				0D26929B2BAB208300B9A9CE /* TryCatchVM.swift in Sources */,
				0D30F92B2BA0D6660060F398 /* MergeView.swift in Sources */,
				0DD4969E2B9E110C00F36A92 /* SinkReciveValue.swift in Sources */,
				0DEB25B32B839EF900B07C08 /* Model.swift in Sources */,
				0DD4969B2B9E10EA00F36A92 /* SinkReceiveVM.swift in Sources */,
				0D2692932BAA35D700B9A9CE /* CatchVM.swift in Sources */,
				0DD597A42B98FDA700D43870 /* ReduceViewModel.swift in Sources */,
				0D26929D2BAB61E200B9A9CE /* Breakpoint.swift in Sources */,
				0DC176752B98D3CF00C6CEA1 /* CollectByView.swift in Sources */,
				0DD597B12B9A4D4700D43870 /* OtputAtViewModel.swift in Sources */,
				0D30F9302BA0D9B20060F398 /* SwitchToLatestView.swift in Sources */,
				0D30F9192B9EC2CA0060F398 /* AnyPublisherVM.swift in Sources */,
				0DEB25A72B8392C700B07C08 /* CollectView.swift in Sources */,
				0DD597A62B98FDD700D43870 /* ReduceView.swift in Sources */,
				0DD4968A2B9CBA6A00F36A92 /* OutputInView.swift in Sources */,
				0D30F92D2BA0D98B0060F398 /* SwitchToLatest.swift in Sources */,
				0DC176702B98850A00C6CEA1 /* CollectByModel.swift in Sources */,
				0DD496992B9D07B500F36A92 /* AssigntToView.swift in Sources */,
				0DEB25A52B8392C700B07C08 /* MrCombineApp.swift in Sources */,
				0D30F91C2B9EC2EE0060F398 /* AnyPublisherView.swift in Sources */,
				0D30F9262B9F760D0060F398 /* FlatMapView.swift in Sources */,
				0DD597AC2B99070900D43870 /* FirstWhereView.swift in Sources */,
				0DD496912B9D020A00F36A92 /* SubscribeOnVM.swift in Sources */,
				0D30F9232B9F75E80060F398 /* FlatMapVM.swift in Sources */,
				0D30F9352BA0EAE70060F398 /* ZipView.swift in Sources */,
				0D30F9282BA0D4940060F398 /* Merge.swift in Sources */,
				0DD597A92B9906E700D43870 /* FirstWhereModel.swift in Sources */,
				0DD496962B9D079A00F36A92 /* AssignToVm.swift in Sources */,
				0DC1766D2B9884BE00C6CEA1 /* CollectBy.swift in Sources */,
				0D30F9212B9F4B840060F398 /* CombineLatestView.swift in Sources */,
				0DEB25B52B83B1F800B07C08 /* HeaderView.swift in Sources */,
				0D2692982BAB204500B9A9CE /* TryCatchView.swift in Sources */,
				0DD4968C2B9CF26400F36A92 /* ReceiveOnVM.swift in Sources */,
				0DC176722B98CF0A00C6CEA1 /* CollectByTime.swift in Sources */,
				0DC1766A2B98827300C6CEA1 /* MainView.swift in Sources */,
				0DD597AE2B9A4D0600D43870 /* OutputAtView.swift in Sources */,
				0D30F9322BA0EAA70060F398 /* Zip.swift in Sources */,
				0DC1767A2B98F09A00C6CEA1 /* IgnoreOutputVM.swift in Sources */,
				0D2692A02BAB643200B9A9CE /* BreakpointView.swift in Sources */,
				0DD496942B9D023700F36A92 /* SubscribeOnView.swift in Sources */,
				0D30F91E2B9F42020060F398 /* CombineLatestVM.swift in Sources */,
				0DD4968F2B9CF28700F36A92 /* ReceiveOnView.swift in Sources */,
			);
			runOnlyForDeploymentPostprocessing = 0;
		};
/* End PBXSourcesBuildPhase section */

/* Begin XCBuildConfiguration section */
		0DEB25AD2B8392C900B07C08 /* Debug */ = {
			isa = XCBuildConfiguration;
			buildSettings = {
				ALWAYS_SEARCH_USER_PATHS = NO;
				ASSETCATALOG_COMPILER_GENERATE_SWIFT_ASSET_SYMBOL_EXTENSIONS = YES;
				CLANG_ANALYZER_NONNULL = YES;
				CLANG_ANALYZER_NUMBER_OBJECT_CONVERSION = YES_AGGRESSIVE;
				CLANG_CXX_LANGUAGE_STANDARD = "gnu++20";
				CLANG_ENABLE_MODULES = YES;
				CLANG_ENABLE_OBJC_ARC = YES;
				CLANG_ENABLE_OBJC_WEAK = YES;
				CLANG_WARN_BLOCK_CAPTURE_AUTORELEASING = YES;
				CLANG_WARN_BOOL_CONVERSION = YES;
				CLANG_WARN_COMMA = YES;
				CLANG_WARN_CONSTANT_CONVERSION = YES;
				CLANG_WARN_DEPRECATED_OBJC_IMPLEMENTATIONS = YES;
				CLANG_WARN_DIRECT_OBJC_ISA_USAGE = YES_ERROR;
				CLANG_WARN_DOCUMENTATION_COMMENTS = YES;
				CLANG_WARN_EMPTY_BODY = YES;
				CLANG_WARN_ENUM_CONVERSION = YES;
				CLANG_WARN_INFINITE_RECURSION = YES;
				CLANG_WARN_INT_CONVERSION = YES;
				CLANG_WARN_NON_LITERAL_NULL_CONVERSION = YES;
				CLANG_WARN_OBJC_IMPLICIT_RETAIN_SELF = YES;
				CLANG_WARN_OBJC_LITERAL_CONVERSION = YES;
				CLANG_WARN_OBJC_ROOT_CLASS = YES_ERROR;
				CLANG_WARN_QUOTED_INCLUDE_IN_FRAMEWORK_HEADER = YES;
				CLANG_WARN_RANGE_LOOP_ANALYSIS = YES;
				CLANG_WARN_STRICT_PROTOTYPES = YES;
				CLANG_WARN_SUSPICIOUS_MOVE = YES;
				CLANG_WARN_UNGUARDED_AVAILABILITY = YES_AGGRESSIVE;
				CLANG_WARN_UNREACHABLE_CODE = YES;
				CLANG_WARN__DUPLICATE_METHOD_MATCH = YES;
				COPY_PHASE_STRIP = NO;
				DEBUG_INFORMATION_FORMAT = dwarf;
				ENABLE_STRICT_OBJC_MSGSEND = YES;
				ENABLE_TESTABILITY = YES;
				ENABLE_USER_SCRIPT_SANDBOXING = YES;
				GCC_C_LANGUAGE_STANDARD = gnu17;
				GCC_DYNAMIC_NO_PIC = NO;
				GCC_NO_COMMON_BLOCKS = YES;
				GCC_OPTIMIZATION_LEVEL = 0;
				GCC_PREPROCESSOR_DEFINITIONS = (
					"DEBUG=1",
					"$(inherited)",
				);
				GCC_WARN_64_TO_32_BIT_CONVERSION = YES;
				GCC_WARN_ABOUT_RETURN_TYPE = YES_ERROR;
				GCC_WARN_UNDECLARED_SELECTOR = YES;
				GCC_WARN_UNINITIALIZED_AUTOS = YES_AGGRESSIVE;
				GCC_WARN_UNUSED_FUNCTION = YES;
				GCC_WARN_UNUSED_VARIABLE = YES;
				IPHONEOS_DEPLOYMENT_TARGET = 17.2;
				LOCALIZATION_PREFERS_STRING_CATALOGS = YES;
				MTL_ENABLE_DEBUG_INFO = INCLUDE_SOURCE;
				MTL_FAST_MATH = YES;
				ONLY_ACTIVE_ARCH = YES;
				SDKROOT = iphoneos;
				SWIFT_ACTIVE_COMPILATION_CONDITIONS = "DEBUG $(inherited)";
				SWIFT_OPTIMIZATION_LEVEL = "-Onone";
			};
			name = Debug;
		};
		0DEB25AE2B8392C900B07C08 /* Release */ = {
			isa = XCBuildConfiguration;
			buildSettings = {
				ALWAYS_SEARCH_USER_PATHS = NO;
				ASSETCATALOG_COMPILER_GENERATE_SWIFT_ASSET_SYMBOL_EXTENSIONS = YES;
				CLANG_ANALYZER_NONNULL = YES;
				CLANG_ANALYZER_NUMBER_OBJECT_CONVERSION = YES_AGGRESSIVE;
				CLANG_CXX_LANGUAGE_STANDARD = "gnu++20";
				CLANG_ENABLE_MODULES = YES;
				CLANG_ENABLE_OBJC_ARC = YES;
				CLANG_ENABLE_OBJC_WEAK = YES;
				CLANG_WARN_BLOCK_CAPTURE_AUTORELEASING = YES;
				CLANG_WARN_BOOL_CONVERSION = YES;
				CLANG_WARN_COMMA = YES;
				CLANG_WARN_CONSTANT_CONVERSION = YES;
				CLANG_WARN_DEPRECATED_OBJC_IMPLEMENTATIONS = YES;
				CLANG_WARN_DIRECT_OBJC_ISA_USAGE = YES_ERROR;
				CLANG_WARN_DOCUMENTATION_COMMENTS = YES;
				CLANG_WARN_EMPTY_BODY = YES;
				CLANG_WARN_ENUM_CONVERSION = YES;
				CLANG_WARN_INFINITE_RECURSION = YES;
				CLANG_WARN_INT_CONVERSION = YES;
				CLANG_WARN_NON_LITERAL_NULL_CONVERSION = YES;
				CLANG_WARN_OBJC_IMPLICIT_RETAIN_SELF = YES;
				CLANG_WARN_OBJC_LITERAL_CONVERSION = YES;
				CLANG_WARN_OBJC_ROOT_CLASS = YES_ERROR;
				CLANG_WARN_QUOTED_INCLUDE_IN_FRAMEWORK_HEADER = YES;
				CLANG_WARN_RANGE_LOOP_ANALYSIS = YES;
				CLANG_WARN_STRICT_PROTOTYPES = YES;
				CLANG_WARN_SUSPICIOUS_MOVE = YES;
				CLANG_WARN_UNGUARDED_AVAILABILITY = YES_AGGRESSIVE;
				CLANG_WARN_UNREACHABLE_CODE = YES;
				CLANG_WARN__DUPLICATE_METHOD_MATCH = YES;
				COPY_PHASE_STRIP = NO;
				DEBUG_INFORMATION_FORMAT = "dwarf-with-dsym";
				ENABLE_NS_ASSERTIONS = NO;
				ENABLE_STRICT_OBJC_MSGSEND = YES;
				ENABLE_USER_SCRIPT_SANDBOXING = YES;
				GCC_C_LANGUAGE_STANDARD = gnu17;
				GCC_NO_COMMON_BLOCKS = YES;
				GCC_WARN_64_TO_32_BIT_CONVERSION = YES;
				GCC_WARN_ABOUT_RETURN_TYPE = YES_ERROR;
				GCC_WARN_UNDECLARED_SELECTOR = YES;
				GCC_WARN_UNINITIALIZED_AUTOS = YES_AGGRESSIVE;
				GCC_WARN_UNUSED_FUNCTION = YES;
				GCC_WARN_UNUSED_VARIABLE = YES;
				IPHONEOS_DEPLOYMENT_TARGET = 17.2;
				LOCALIZATION_PREFERS_STRING_CATALOGS = YES;
				MTL_ENABLE_DEBUG_INFO = NO;
				MTL_FAST_MATH = YES;
				SDKROOT = iphoneos;
				SWIFT_COMPILATION_MODE = wholemodule;
				VALIDATE_PRODUCT = YES;
			};
			name = Release;
		};
		0DEB25B02B8392C900B07C08 /* Debug */ = {
			isa = XCBuildConfiguration;
			buildSettings = {
				ASSETCATALOG_COMPILER_APPICON_NAME = AppIcon;
				ASSETCATALOG_COMPILER_GLOBAL_ACCENT_COLOR_NAME = AccentColor;
				CODE_SIGN_STYLE = Automatic;
				CURRENT_PROJECT_VERSION = 1;
				DEVELOPMENT_ASSET_PATHS = "\"Mr. Combine/Preview Content\"";
				DEVELOPMENT_TEAM = XF47SHGC5P;
				ENABLE_PREVIEWS = YES;
				GENERATE_INFOPLIST_FILE = YES;
				INFOPLIST_KEY_UIApplicationSceneManifest_Generation = YES;
				INFOPLIST_KEY_UIApplicationSupportsIndirectInputEvents = YES;
				INFOPLIST_KEY_UILaunchScreen_Generation = YES;
				INFOPLIST_KEY_UISupportedInterfaceOrientations_iPad = "UIInterfaceOrientationPortrait UIInterfaceOrientationPortraitUpsideDown UIInterfaceOrientationLandscapeLeft UIInterfaceOrientationLandscapeRight";
				INFOPLIST_KEY_UISupportedInterfaceOrientations_iPhone = "UIInterfaceOrientationPortrait UIInterfaceOrientationLandscapeLeft UIInterfaceOrientationLandscapeRight";
				LD_RUNPATH_SEARCH_PATHS = (
					"$(inherited)",
					"@executable_path/Frameworks",
				);
				MARKETING_VERSION = 1.0;
				PRODUCT_BUNDLE_IDENTIFIER = "danikulikovskiy.com..Mr--Combine";
				PRODUCT_NAME = "$(TARGET_NAME)";
				SWIFT_EMIT_LOC_STRINGS = YES;
				SWIFT_VERSION = 5.0;
				TARGETED_DEVICE_FAMILY = "1,2";
			};
			name = Debug;
		};
		0DEB25B12B8392C900B07C08 /* Release */ = {
			isa = XCBuildConfiguration;
			buildSettings = {
				ASSETCATALOG_COMPILER_APPICON_NAME = AppIcon;
				ASSETCATALOG_COMPILER_GLOBAL_ACCENT_COLOR_NAME = AccentColor;
				CODE_SIGN_STYLE = Automatic;
				CURRENT_PROJECT_VERSION = 1;
				DEVELOPMENT_ASSET_PATHS = "\"Mr. Combine/Preview Content\"";
				DEVELOPMENT_TEAM = XF47SHGC5P;
				ENABLE_PREVIEWS = YES;
				GENERATE_INFOPLIST_FILE = YES;
				INFOPLIST_KEY_UIApplicationSceneManifest_Generation = YES;
				INFOPLIST_KEY_UIApplicationSupportsIndirectInputEvents = YES;
				INFOPLIST_KEY_UILaunchScreen_Generation = YES;
				INFOPLIST_KEY_UISupportedInterfaceOrientations_iPad = "UIInterfaceOrientationPortrait UIInterfaceOrientationPortraitUpsideDown UIInterfaceOrientationLandscapeLeft UIInterfaceOrientationLandscapeRight";
				INFOPLIST_KEY_UISupportedInterfaceOrientations_iPhone = "UIInterfaceOrientationPortrait UIInterfaceOrientationLandscapeLeft UIInterfaceOrientationLandscapeRight";
				LD_RUNPATH_SEARCH_PATHS = (
					"$(inherited)",
					"@executable_path/Frameworks",
				);
				MARKETING_VERSION = 1.0;
				PRODUCT_BUNDLE_IDENTIFIER = "danikulikovskiy.com..Mr--Combine";
				PRODUCT_NAME = "$(TARGET_NAME)";
				SWIFT_EMIT_LOC_STRINGS = YES;
				SWIFT_VERSION = 5.0;
				TARGETED_DEVICE_FAMILY = "1,2";
			};
			name = Release;
		};
/* End XCBuildConfiguration section */

/* Begin XCConfigurationList section */
		0DEB259C2B8392C700B07C08 /* Build configuration list for PBXProject "Mr. Combine" */ = {
			isa = XCConfigurationList;
			buildConfigurations = (
				0DEB25AD2B8392C900B07C08 /* Debug */,
				0DEB25AE2B8392C900B07C08 /* Release */,
			);
			defaultConfigurationIsVisible = 0;
			defaultConfigurationName = Release;
		};
		0DEB25AF2B8392C900B07C08 /* Build configuration list for PBXNativeTarget "Mr. Combine" */ = {
			isa = XCConfigurationList;
			buildConfigurations = (
				0DEB25B02B8392C900B07C08 /* Debug */,
				0DEB25B12B8392C900B07C08 /* Release */,
			);
			defaultConfigurationIsVisible = 0;
			defaultConfigurationName = Release;
		};
/* End XCConfigurationList section */
	};
	rootObject = 0DEB25992B8392C700B07C08 /* Project object */;
}
